
Microsoft Visual Studio Solution File, Format Version 12.00
# Visual Studio Version 17
VisualStudioVersion = 17.6.33801.468
MinimumVisualStudioVersion = 10.0.40219.1
Project("{FAE04EC0-301F-11D3-BF4B-00C04F79EFBC}") = "array-reverse", "array-reverse\array-reverse.csproj", "{C03FF67F-116A-4716-BDDE-354A3B7749C9}"
EndProject
Global
	GlobalSection(SolutionConfigurationPlatforms) = preSolution
		Debug|Any CPU = Debug|Any CPU
		Release|Any CPU = Release|Any CPU
	EndGlobalSection
	GlobalSection(ProjectConfigurationPlatforms) = postSolution
		{C03FF67F-116A-4716-BDDE-354A3B7749C9}.Debug|Any CPU.ActiveCfg = Debug|Any CPU
		{C03FF67F-116A-4716-BDDE-354A3B7749C9}.Debug|Any CPU.Build.0 = Debug|Any CPU
		{C03FF67F-116A-4716-BDDE-354A3B7749C9}.Release|Any CPU.ActiveCfg = Release|Any CPU
		{C03FF67F-116A-4716-BDDE-354A3B7749C9}.Release|Any CPU.Build.0 = Release|Any CPU
	EndGlobalSection
	GlobalSection(SolutionProperties) = preSolution
		HideSolutionNode = FALSE
	EndGlobalSection
	GlobalSection(ExtensibilityGlobals) = postSolution
		SolutionGuid = {EDA4C33D-5238-4F98-8B7C-65A0D1918717}
	EndGlobalSection
EndGlobal
